// !$*UTF8*$!
{
	archiveVersion = 1;
	classes = {
	};
	objectVersion = 46;
	objects = {

/* Begin PBXBuildFile section */
		1F58665D1C4FFE3A00661731 /* AppDelegate.swift in Sources */ = {isa = PBXBuildFile; fileRef = 1F58665C1C4FFE3A00661731 /* AppDelegate.swift */; };
		1F58665F1C4FFE3A00661731 /* ViewController.swift in Sources */ = {isa = PBXBuildFile; fileRef = 1F58665E1C4FFE3A00661731 /* ViewController.swift */; };
		1F5866621C4FFE3A00661731 /* Main.storyboard in Resources */ = {isa = PBXBuildFile; fileRef = 1F5866601C4FFE3A00661731 /* Main.storyboard */; };
		1F5866641C4FFE3A00661731 /* Assets.xcassets in Resources */ = {isa = PBXBuildFile; fileRef = 1F5866631C4FFE3A00661731 /* Assets.xcassets */; };
		1F5866671C4FFE3A00661731 /* LaunchScreen.storyboard in Resources */ = {isa = PBXBuildFile; fileRef = 1F5866651C4FFE3A00661731 /* LaunchScreen.storyboard */; };
		1F5866721C4FFE3A00661731 /* WireStormTests.swift in Sources */ = {isa = PBXBuildFile; fileRef = 1F5866711C4FFE3A00661731 /* WireStormTests.swift */; };
		1F58667D1C4FFE3A00661731 /* WireStormUITests.swift in Sources */ = {isa = PBXBuildFile; fileRef = 1F58667C1C4FFE3A00661731 /* WireStormUITests.swift */; };
		1F58668B1C4FFFFA00661731 /* Definition.swift in Sources */ = {isa = PBXBuildFile; fileRef = 1F58668A1C4FFFFA00661731 /* Definition.swift */; };
		1F58668D1C50006400661731 /* AssetsListTableVC.swift in Sources */ = {isa = PBXBuildFile; fileRef = 1F58668C1C50006400661731 /* AssetsListTableVC.swift */; };
		1F58668F1C50008300661731 /* Asset.swift in Sources */ = {isa = PBXBuildFile; fileRef = 1F58668E1C50008300661731 /* Asset.swift */; };
		1F5866911C50015C00661731 /* APIManager.swift in Sources */ = {isa = PBXBuildFile; fileRef = 1F5866901C50015C00661731 /* APIManager.swift */; };
		1F5866971C50036300661731 /* MBProgressHUD.m in Sources */ = {isa = PBXBuildFile; fileRef = 1F5866961C50036300661731 /* MBProgressHUD.m */; };
		1F5866991C5003F000661731 /* AssetTableViewCell.swift in Sources */ = {isa = PBXBuildFile; fileRef = 1F5866981C5003F000661731 /* AssetTableViewCell.swift */; };
		1F58669D1C50056400661731 /* ImageViewController.swift in Sources */ = {isa = PBXBuildFile; fileRef = 1F58669C1C50056400661731 /* ImageViewController.swift */; };
		F45A25C53FCB276E1C8F891D /* Pods.framework in Frameworks */ = {isa = PBXBuildFile; fileRef = D81E8ADF3421A596289AB515 /* Pods.framework */; };
/* End PBXBuildFile section */

/* Begin PBXContainerItemProxy section */
		1F58666E1C4FFE3A00661731 /* PBXContainerItemProxy */ = {
			isa = PBXContainerItemProxy;
			containerPortal = 1F5866511C4FFE3A00661731 /* Project object */;
			proxyType = 1;
			remoteGlobalIDString = 1F5866581C4FFE3A00661731;
			remoteInfo = WireStorm;
		};
		1F5866791C4FFE3A00661731 /* PBXContainerItemProxy */ = {
			isa = PBXContainerItemProxy;
			containerPortal = 1F5866511C4FFE3A00661731 /* Project object */;
			proxyType = 1;
			remoteGlobalIDString = 1F5866581C4FFE3A00661731;
			remoteInfo = WireStorm;
		};
/* End PBXContainerItemProxy section */

/* Begin PBXFileReference section */
		1F5866591C4FFE3A00661731 /* WireStorm.app */ = {isa = PBXFileReference; explicitFileType = wrapper.application; includeInIndex = 0; path = WireStorm.app; sourceTree = BUILT_PRODUCTS_DIR; };
		1F58665C1C4FFE3A00661731 /* AppDelegate.swift */ = {isa = PBXFileReference; lastKnownFileType = sourcecode.swift; path = AppDelegate.swift; sourceTree = "<group>"; };
		1F58665E1C4FFE3A00661731 /* ViewController.swift */ = {isa = PBXFileReference; lastKnownFileType = sourcecode.swift; path = ViewController.swift; sourceTree = "<group>"; };
		1F5866611C4FFE3A00661731 /* Base */ = {isa = PBXFileReference; lastKnownFileType = file.storyboard; name = Base; path = Base.lproj/Main.storyboard; sourceTree = "<group>"; };
		1F5866631C4FFE3A00661731 /* Assets.xcassets */ = {isa = PBXFileReference; lastKnownFileType = folder.assetcatalog; path = Assets.xcassets; sourceTree = "<group>"; };
		1F5866661C4FFE3A00661731 /* Base */ = {isa = PBXFileReference; lastKnownFileType = file.storyboard; name = Base; path = Base.lproj/LaunchScreen.storyboard; sourceTree = "<group>"; };
		1F5866681C4FFE3A00661731 /* Info.plist */ = {isa = PBXFileReference; lastKnownFileType = text.plist.xml; path = Info.plist; sourceTree = "<group>"; };
		1F58666D1C4FFE3A00661731 /* WireStormTests.xctest */ = {isa = PBXFileReference; explicitFileType = wrapper.cfbundle; includeInIndex = 0; path = WireStormTests.xctest; sourceTree = BUILT_PRODUCTS_DIR; };
		1F5866711C4FFE3A00661731 /* WireStormTests.swift */ = {isa = PBXFileReference; lastKnownFileType = sourcecode.swift; path = WireStormTests.swift; sourceTree = "<group>"; };
		1F5866731C4FFE3A00661731 /* Info.plist */ = {isa = PBXFileReference; lastKnownFileType = text.plist.xml; path = Info.plist; sourceTree = "<group>"; };
		1F5866781C4FFE3A00661731 /* WireStormUITests.xctest */ = {isa = PBXFileReference; explicitFileType = wrapper.cfbundle; includeInIndex = 0; path = WireStormUITests.xctest; sourceTree = BUILT_PRODUCTS_DIR; };
		1F58667C1C4FFE3A00661731 /* WireStormUITests.swift */ = {isa = PBXFileReference; lastKnownFileType = sourcecode.swift; path = WireStormUITests.swift; sourceTree = "<group>"; };
		1F58667E1C4FFE3A00661731 /* Info.plist */ = {isa = PBXFileReference; lastKnownFileType = text.plist.xml; path = Info.plist; sourceTree = "<group>"; };
		1F58668A1C4FFFFA00661731 /* Definition.swift */ = {isa = PBXFileReference; fileEncoding = 4; lastKnownFileType = sourcecode.swift; path = Definition.swift; sourceTree = "<group>"; };
		1F58668C1C50006400661731 /* AssetsListTableVC.swift */ = {isa = PBXFileReference; fileEncoding = 4; lastKnownFileType = sourcecode.swift; path = AssetsListTableVC.swift; sourceTree = "<group>"; };
		1F58668E1C50008300661731 /* Asset.swift */ = {isa = PBXFileReference; fileEncoding = 4; lastKnownFileType = sourcecode.swift; path = Asset.swift; sourceTree = "<group>"; };
		1F5866901C50015C00661731 /* APIManager.swift */ = {isa = PBXFileReference; fileEncoding = 4; lastKnownFileType = sourcecode.swift; path = APIManager.swift; sourceTree = "<group>"; };
		1F5866941C50036200661731 /* WireStorm-Bridging-Header.h */ = {isa = PBXFileReference; lastKnownFileType = sourcecode.c.h; path = "WireStorm-Bridging-Header.h"; sourceTree = "<group>"; };
		1F5866951C50036300661731 /* MBProgressHUD.h */ = {isa = PBXFileReference; fileEncoding = 4; lastKnownFileType = sourcecode.c.h; path = MBProgressHUD.h; sourceTree = "<group>"; };
		1F5866961C50036300661731 /* MBProgressHUD.m */ = {isa = PBXFileReference; fileEncoding = 4; lastKnownFileType = sourcecode.c.objc; path = MBProgressHUD.m; sourceTree = "<group>"; };
		1F5866981C5003F000661731 /* AssetTableViewCell.swift */ = {isa = PBXFileReference; fileEncoding = 4; lastKnownFileType = sourcecode.swift; path = AssetTableViewCell.swift; sourceTree = "<group>"; };
		1F58669C1C50056400661731 /* ImageViewController.swift */ = {isa = PBXFileReference; fileEncoding = 4; lastKnownFileType = sourcecode.swift; path = ImageViewController.swift; sourceTree = "<group>"; };
		D81E8ADF3421A596289AB515 /* Pods.framework */ = {isa = PBXFileReference; explicitFileType = wrapper.framework; includeInIndex = 0; path = Pods.framework; sourceTree = BUILT_PRODUCTS_DIR; };
		D880208F20BF9B1DF6814DD2 /* Pods.release.xcconfig */ = {isa = PBXFileReference; includeInIndex = 1; lastKnownFileType = text.xcconfig; name = Pods.release.xcconfig; path = "Pods/Target Support Files/Pods/Pods.release.xcconfig"; sourceTree = "<group>"; };
		FA61231C0C1C2451C7061005 /* Pods.debug.xcconfig */ = {isa = PBXFileReference; includeInIndex = 1; lastKnownFileType = text.xcconfig; name = Pods.debug.xcconfig; path = "Pods/Target Support Files/Pods/Pods.debug.xcconfig"; sourceTree = "<group>"; };
/* End PBXFileReference section */

/* Begin PBXFrameworksBuildPhase section */
		1F5866561C4FFE3A00661731 /* Frameworks */ = {
			isa = PBXFrameworksBuildPhase;
			buildActionMask = 2147483647;
			files = (
				F45A25C53FCB276E1C8F891D /* Pods.framework in Frameworks */,
			);
			runOnlyForDeploymentPostprocessing = 0;
		};
		1F58666A1C4FFE3A00661731 /* Frameworks */ = {
			isa = PBXFrameworksBuildPhase;
			buildActionMask = 2147483647;
			files = (
			);
			runOnlyForDeploymentPostprocessing = 0;
		};
		1F5866751C4FFE3A00661731 /* Frameworks */ = {
			isa = PBXFrameworksBuildPhase;
			buildActionMask = 2147483647;
			files = (
			);
			runOnlyForDeploymentPostprocessing = 0;
		};
/* End PBXFrameworksBuildPhase section */

/* Begin PBXGroup section */
		1017F59403084BF419A612A4 /* Pods */ = {
			isa = PBXGroup;
			children = (
				FA61231C0C1C2451C7061005 /* Pods.debug.xcconfig */,
				D880208F20BF9B1DF6814DD2 /* Pods.release.xcconfig */,
			);
			name = Pods;
			sourceTree = "<group>";
		};
		1F5866501C4FFE3A00661731 = {
			isa = PBXGroup;
			children = (
				1F58665B1C4FFE3A00661731 /* WireStorm */,
				1F5866701C4FFE3A00661731 /* WireStormTests */,
				1F58667B1C4FFE3A00661731 /* WireStormUITests */,
				1F58665A1C4FFE3A00661731 /* Products */,
				1017F59403084BF419A612A4 /* Pods */,
				98F006A9AD0661DE16F5B32C /* Frameworks */,
			);
			sourceTree = "<group>";
		};
		1F58665A1C4FFE3A00661731 /* Products */ = {
			isa = PBXGroup;
			children = (
				1F5866591C4FFE3A00661731 /* WireStorm.app */,
				1F58666D1C4FFE3A00661731 /* WireStormTests.xctest */,
				1F5866781C4FFE3A00661731 /* WireStormUITests.xctest */,
			);
			name = Products;
			sourceTree = "<group>";
		};
		1F58665B1C4FFE3A00661731 /* WireStorm */ = {
			isa = PBXGroup;
			children = (
				1F5866921C50034A00661731 /* Vendor */,
				1F58665C1C4FFE3A00661731 /* AppDelegate.swift */,
				1F58665E1C4FFE3A00661731 /* ViewController.swift */,
				1F5866601C4FFE3A00661731 /* Main.storyboard */,
				1F5866631C4FFE3A00661731 /* Assets.xcassets */,
				1F5866651C4FFE3A00661731 /* LaunchScreen.storyboard */,
				1F5866681C4FFE3A00661731 /* Info.plist */,
				1F58668A1C4FFFFA00661731 /* Definition.swift */,
				1F58668C1C50006400661731 /* AssetsListTableVC.swift */,
				1F58668E1C50008300661731 /* Asset.swift */,
				1F5866901C50015C00661731 /* APIManager.swift */,
				1F5866941C50036200661731 /* WireStorm-Bridging-Header.h */,
				1F5866981C5003F000661731 /* AssetTableViewCell.swift */,
				1F58669C1C50056400661731 /* ImageViewController.swift */,
			);
			path = WireStorm;
			sourceTree = "<group>";
		};
		1F5866701C4FFE3A00661731 /* WireStormTests */ = {
			isa = PBXGroup;
			children = (
				1F5866711C4FFE3A00661731 /* WireStormTests.swift */,
				1F5866731C4FFE3A00661731 /* Info.plist */,
			);
			path = WireStormTests;
			sourceTree = "<group>";
		};
		1F58667B1C4FFE3A00661731 /* WireStormUITests */ = {
			isa = PBXGroup;
			children = (
				1F58667C1C4FFE3A00661731 /* WireStormUITests.swift */,
				1F58667E1C4FFE3A00661731 /* Info.plist */,
			);
			path = WireStormUITests;
			sourceTree = "<group>";
		};
		1F5866921C50034A00661731 /* Vendor */ = {
			isa = PBXGroup;
			children = (
				1F5866931C50035500661731 /* ProgressHUD */,
			);
			name = Vendor;
			sourceTree = "<group>";
		};
		1F5866931C50035500661731 /* ProgressHUD */ = {
			isa = PBXGroup;
			children = (
				1F5866951C50036300661731 /* MBProgressHUD.h */,
				1F5866961C50036300661731 /* MBProgressHUD.m */,
			);
			name = ProgressHUD;
			sourceTree = "<group>";
		};
		98F006A9AD0661DE16F5B32C /* Frameworks */ = {
			isa = PBXGroup;
			children = (
				D81E8ADF3421A596289AB515 /* Pods.framework */,
			);
			name = Frameworks;
			sourceTree = "<group>";
		};
/* End PBXGroup section */

/* Begin PBXNativeTarget section */
		1F5866581C4FFE3A00661731 /* WireStorm */ = {
			isa = PBXNativeTarget;
			buildConfigurationList = 1F5866811C4FFE3A00661731 /* Build configuration list for PBXNativeTarget "WireStorm" */;
			buildPhases = (
				9784C01CCAF5FC78BFF95238 /* Check Pods Manifest.lock */,
				1F5866551C4FFE3A00661731 /* Sources */,
				1F5866561C4FFE3A00661731 /* Frameworks */,
				1F5866571C4FFE3A00661731 /* Resources */,
				90BC69C06ABB537F5442A209 /* Embed Pods Frameworks */,
				6132FEF5A75091F31A64766C /* Copy Pods Resources */,
			);
			buildRules = (
			);
			dependencies = (
			);
			name = WireStorm;
			productName = WireStorm;
			productReference = 1F5866591C4FFE3A00661731 /* WireStorm.app */;
			productType = "com.apple.product-type.application";
		};
		1F58666C1C4FFE3A00661731 /* WireStormTests */ = {
			isa = PBXNativeTarget;
			buildConfigurationList = 1F5866841C4FFE3A00661731 /* Build configuration list for PBXNativeTarget "WireStormTests" */;
			buildPhases = (
				1F5866691C4FFE3A00661731 /* Sources */,
				1F58666A1C4FFE3A00661731 /* Frameworks */,
				1F58666B1C4FFE3A00661731 /* Resources */,
			);
			buildRules = (
			);
			dependencies = (
				1F58666F1C4FFE3A00661731 /* PBXTargetDependency */,
			);
			name = WireStormTests;
			productName = WireStormTests;
			productReference = 1F58666D1C4FFE3A00661731 /* WireStormTests.xctest */;
			productType = "com.apple.product-type.bundle.unit-test";
		};
		1F5866771C4FFE3A00661731 /* WireStormUITests */ = {
			isa = PBXNativeTarget;
			buildConfigurationList = 1F5866871C4FFE3A00661731 /* Build configuration list for PBXNativeTarget "WireStormUITests" */;
			buildPhases = (
				1F5866741C4FFE3A00661731 /* Sources */,
				1F5866751C4FFE3A00661731 /* Frameworks */,
				1F5866761C4FFE3A00661731 /* Resources */,
			);
			buildRules = (
			);
			dependencies = (
				1F58667A1C4FFE3A00661731 /* PBXTargetDependency */,
			);
			name = WireStormUITests;
			productName = WireStormUITests;
			productReference = 1F5866781C4FFE3A00661731 /* WireStormUITests.xctest */;
			productType = "com.apple.product-type.bundle.ui-testing";
		};
/* End PBXNativeTarget section */

/* Begin PBXProject section */
		1F5866511C4FFE3A00661731 /* Project object */ = {
			isa = PBXProject;
			attributes = {
				LastSwiftUpdateCheck = 0720;
				LastUpgradeCheck = 0720;
				TargetAttributes = {
					1F5866581C4FFE3A00661731 = {
						CreatedOnToolsVersion = 7.2;
					};
					1F58666C1C4FFE3A00661731 = {
						CreatedOnToolsVersion = 7.2;
						TestTargetID = 1F5866581C4FFE3A00661731;
					};
					1F5866771C4FFE3A00661731 = {
						CreatedOnToolsVersion = 7.2;
						TestTargetID = 1F5866581C4FFE3A00661731;
					};
				};
			};
			buildConfigurationList = 1F5866541C4FFE3A00661731 /* Build configuration list for PBXProject "WireStorm" */;
			compatibilityVersion = "Xcode 3.2";
			developmentRegion = English;
			hasScannedForEncodings = 0;
			knownRegions = (
				en,
				Base,
			);
			mainGroup = 1F5866501C4FFE3A00661731;
			productRefGroup = 1F58665A1C4FFE3A00661731 /* Products */;
			projectDirPath = "";
			projectRoot = "";
			targets = (
				1F5866581C4FFE3A00661731 /* WireStorm */,
				1F58666C1C4FFE3A00661731 /* WireStormTests */,
				1F5866771C4FFE3A00661731 /* WireStormUITests */,
			);
		};
/* End PBXProject section */

/* Begin PBXResourcesBuildPhase section */
		1F5866571C4FFE3A00661731 /* Resources */ = {
			isa = PBXResourcesBuildPhase;
			buildActionMask = 2147483647;
			files = (
				1F5866671C4FFE3A00661731 /* LaunchScreen.storyboard in Resources */,
				1F5866641C4FFE3A00661731 /* Assets.xcassets in Resources */,
				1F5866621C4FFE3A00661731 /* Main.storyboard in Resources */,
			);
			runOnlyForDeploymentPostprocessing = 0;
		};
		1F58666B1C4FFE3A00661731 /* Resources */ = {
			isa = PBXResourcesBuildPhase;
			buildActionMask = 2147483647;
			files = (
			);
			runOnlyForDeploymentPostprocessing = 0;
		};
		1F5866761C4FFE3A00661731 /* Resources */ = {
			isa = PBXResourcesBuildPhase;
			buildActionMask = 2147483647;
			files = (
			);
			runOnlyForDeploymentPostprocessing = 0;
		};
/* End PBXResourcesBuildPhase section */

/* Begin PBXShellScriptBuildPhase section */
		6132FEF5A75091F31A64766C /* Copy Pods Resources */ = {
			isa = PBXShellScriptBuildPhase;
			buildActionMask = 2147483647;
			files = (
			);
			inputPaths = (
			);
			name = "Copy Pods Resources";
			outputPaths = (
			);
			runOnlyForDeploymentPostprocessing = 0;
			shellPath = /bin/sh;
			shellScript = "\"${SRCROOT}/Pods/Target Support Files/Pods/Pods-resources.sh\"\n";
			showEnvVarsInLog = 0;
		};
		90BC69C06ABB537F5442A209 /* Embed Pods Frameworks */ = {
			isa = PBXShellScriptBuildPhase;
			buildActionMask = 2147483647;
			files = (
			);
			inputPaths = (
			);
			name = "Embed Pods Frameworks";
			outputPaths = (
			);
			runOnlyForDeploymentPostprocessing = 0;
			shellPath = /bin/sh;
			shellScript = "\"${SRCROOT}/Pods/Target Support Files/Pods/Pods-frameworks.sh\"\n";
			showEnvVarsInLog = 0;
		};
		9784C01CCAF5FC78BFF95238 /* Check Pods Manifest.lock */ = {
			isa = PBXShellScriptBuildPhase;
			buildActionMask = 2147483647;
			files = (
			);
			inputPaths = (
			);
			name = "Check Pods Manifest.lock";
			outputPaths = (
			);
			runOnlyForDeploymentPostprocessing = 0;
			shellPath = /bin/sh;
			shellScript = "diff \"${PODS_ROOT}/../Podfile.lock\" \"${PODS_ROOT}/Manifest.lock\" > /dev/null\nif [[ $? != 0 ]] ; then\n    cat << EOM\nerror: The sandbox is not in sync with the Podfile.lock. Run 'pod install' or update your CocoaPods installation.\nEOM\n    exit 1\nfi\n";
			showEnvVarsInLog = 0;
		};
/* End PBXShellScriptBuildPhase section */

/* Begin PBXSourcesBuildPhase section */
		1F5866551C4FFE3A00661731 /* Sources */ = {
			isa = PBXSourcesBuildPhase;
			buildActionMask = 2147483647;
			files = (
				1F5866911C50015C00661731 /* APIManager.swift in Sources */,
				1F58669D1C50056400661731 /* ImageViewController.swift in Sources */,
				1F58665F1C4FFE3A00661731 /* ViewController.swift in Sources */,
				1F58668B1C4FFFFA00661731 /* Definition.swift in Sources */,
				1F58668F1C50008300661731 /* Asset.swift in Sources */,
				1F58668D1C50006400661731 /* AssetsListTableVC.swift in Sources */,
				1F58665D1C4FFE3A00661731 /* AppDelegate.swift in Sources */,
				1F5866991C5003F000661731 /* AssetTableViewCell.swift in Sources */,
				1F5866971C50036300661731 /* MBProgressHUD.m in Sources */,
			);
			runOnlyForDeploymentPostprocessing = 0;
		};
		1F5866691C4FFE3A00661731 /* Sources */ = {
			isa = PBXSourcesBuildPhase;
			buildActionMask = 2147483647;
			files = (
				1F5866721C4FFE3A00661731 /* WireStormTests.swift in Sources */,
			);
			runOnlyForDeploymentPostprocessing = 0;
		};
		1F5866741C4FFE3A00661731 /* Sources */ = {
			isa = PBXSourcesBuildPhase;
			buildActionMask = 2147483647;
			files = (
				1F58667D1C4FFE3A00661731 /* WireStormUITests.swift in Sources */,
			);
			runOnlyForDeploymentPostprocessing = 0;
		};
/* End PBXSourcesBuildPhase section */

/* Begin PBXTargetDependency section */
		1F58666F1C4FFE3A00661731 /* PBXTargetDependency */ = {
			isa = PBXTargetDependency;
			target = 1F5866581C4FFE3A00661731 /* WireStorm */;
			targetProxy = 1F58666E1C4FFE3A00661731 /* PBXContainerItemProxy */;
		};
		1F58667A1C4FFE3A00661731 /* PBXTargetDependency */ = {
			isa = PBXTargetDependency;
			target = 1F5866581C4FFE3A00661731 /* WireStorm */;
			targetProxy = 1F5866791C4FFE3A00661731 /* PBXContainerItemProxy */;
		};
/* End PBXTargetDependency section */

/* Begin PBXVariantGroup section */
		1F5866601C4FFE3A00661731 /* Main.storyboard */ = {
			isa = PBXVariantGroup;
			children = (
				1F5866611C4FFE3A00661731 /* Base */,
			);
			name = Main.storyboard;
			sourceTree = "<group>";
		};
		1F5866651C4FFE3A00661731 /* LaunchScreen.storyboard */ = {
			isa = PBXVariantGroup;
			children = (
				1F5866661C4FFE3A00661731 /* Base */,
			);
			name = LaunchScreen.storyboard;
			sourceTree = "<group>";
		};
/* End PBXVariantGroup section */

/* Begin XCBuildConfiguration section */
		1F58667F1C4FFE3A00661731 /* Debug */ = {
			isa = XCBuildConfiguration;
			buildSettings = {
				ALWAYS_SEARCH_USER_PATHS = NO;
				CLANG_CXX_LANGUAGE_STANDARD = "gnu++0x";
				CLANG_CXX_LIBRARY = "libc++";
				CLANG_ENABLE_MODULES = YES;
				CLANG_ENABLE_OBJC_ARC = YES;
				CLANG_WARN_BOOL_CONVERSION = YES;
				CLANG_WARN_CONSTANT_CONVERSION = YES;
				CLANG_WARN_DIRECT_OBJC_ISA_USAGE = YES_ERROR;
				CLANG_WARN_EMPTY_BODY = YES;
				CLANG_WARN_ENUM_CONVERSION = YES;
				CLANG_WARN_INT_CONVERSION = YES;
				CLANG_WARN_OBJC_ROOT_CLASS = YES_ERROR;
				CLANG_WARN_UNREACHABLE_CODE = YES;
				CLANG_WARN__DUPLICATE_METHOD_MATCH = YES;
				"CODE_SIGN_IDENTITY[sdk=iphoneos*]" = "iPhone Developer";
				COPY_PHASE_STRIP = NO;
				DEBUG_INFORMATION_FORMAT = dwarf;
				ENABLE_STRICT_OBJC_MSGSEND = YES;
				ENABLE_TESTABILITY = YES;
				GCC_C_LANGUAGE_STANDARD = gnu99;
				GCC_DYNAMIC_NO_PIC = NO;
				GCC_NO_COMMON_BLOCKS = YES;
				GCC_OPTIMIZATION_LEVEL = 0;
				GCC_PREPROCESSOR_DEFINITIONS = (
					"DEBUG=1",
					"$(inherited)",
				);
				GCC_WARN_64_TO_32_BIT_CONVERSION = YES;
				GCC_WARN_ABOUT_RETURN_TYPE = YES_ERROR;
				GCC_WARN_UNDECLARED_SELECTOR = YES;
				GCC_WARN_UNINITIALIZED_AUTOS = YES_AGGRESSIVE;
				GCC_WARN_UNUSED_FUNCTION = YES;
				GCC_WARN_UNUSED_VARIABLE = YES;
				IPHONEOS_DEPLOYMENT_TARGET = 9.2;
				MTL_ENABLE_DEBUG_INFO = YES;
				ONLY_ACTIVE_ARCH = YES;
				SDKROOT = iphoneos;
				SWIFT_OPTIMIZATION_LEVEL = "-Onone";
				TARGETED_DEVICE_FAMILY = "1,2";
			};
			name = Debug;
		};
		1F5866801C4FFE3A00661731 /* Release */ = {
			isa = XCBuildConfiguration;
			buildSettings = {
				ALWAYS_SEARCH_USER_PATHS = NO;
				CLANG_CXX_LANGUAGE_STANDARD = "gnu++0x";
				CLANG_CXX_LIBRARY = "libc++";
				CLANG_ENABLE_MODULES = YES;
				CLANG_ENABLE_OBJC_ARC = YES;
				CLANG_WARN_BOOL_CONVERSION = YES;
				CLANG_WARN_CONSTANT_CONVERSION = YES;
				CLANG_WARN_DIRECT_OBJC_ISA_USAGE = YES_ERROR;
				CLANG_WARN_EMPTY_BODY = YES;
				CLANG_WARN_ENUM_CONVERSION = YES;
				CLANG_WARN_INT_CONVERSION = YES;
				CLANG_WARN_OBJC_ROOT_CLASS = YES_ERROR;
				CLANG_WARN_UNREACHABLE_CODE = YES;
				CLANG_WARN__DUPLICATE_METHOD_MATCH = YES;
				"CODE_SIGN_IDENTITY[sdk=iphoneos*]" = "iPhone Developer";
				COPY_PHASE_STRIP = NO;
				DEBUG_INFORMATION_FORMAT = "dwarf-with-dsym";
				ENABLE_NS_ASSERTIONS = NO;
				ENABLE_STRICT_OBJC_MSGSEND = YES;
				GCC_C_LANGUAGE_STANDARD = gnu99;
				GCC_NO_COMMON_BLOCKS = YES;
				GCC_WARN_64_TO_32_BIT_CONVERSION = YES;
				GCC_WARN_ABOUT_RETURN_TYPE = YES_ERROR;
				GCC_WARN_UNDECLARED_SELECTOR = YES;
				GCC_WARN_UNINITIALIZED_AUTOS = YES_AGGRESSIVE;
				GCC_WARN_UNUSED_FUNCTION = YES;
				GCC_WARN_UNUSED_VARIABLE = YES;
				IPHONEOS_DEPLOYMENT_TARGET = 9.2;
				MTL_ENABLE_DEBUG_INFO = NO;
				SDKROOT = iphoneos;
				TARGETED_DEVICE_FAMILY = "1,2";
				VALIDATE_PRODUCT = YES;
			};
			name = Release;
		};
		1F5866821C4FFE3A00661731 /* Debug */ = {
			isa = XCBuildConfiguration;
			baseConfigurationReference = FA61231C0C1C2451C7061005 /* Pods.debug.xcconfig */;
			buildSettings = {
				ASSETCATALOG_COMPILER_APPICON_NAME = AppIcon;
				CLANG_ENABLE_MODULES = YES;
				INFOPLIST_FILE = WireStorm/Info.plist;
				LD_RUNPATH_SEARCH_PATHS = "$(inherited) @executable_path/Frameworks";
				PRODUCT_BUNDLE_IDENTIFIER = com.testproject.WireStorm;
				PRODUCT_NAME = "$(TARGET_NAME)";
				SWIFT_OBJC_BRIDGING_HEADER = "WireStorm/WireStorm-Bridging-Header.h";
				SWIFT_OPTIMIZATION_LEVEL = "-Onone";
			};
			name = Debug;
		};
		1F5866831C4FFE3A00661731 /* Release */ = {
			isa = XCBuildConfiguration;
			baseConfigurationReference = D880208F20BF9B1DF6814DD2 /* Pods.release.xcconfig */;
			buildSettings = {
				ASSETCATALOG_COMPILER_APPICON_NAME = AppIcon;
				CLANG_ENABLE_MODULES = YES;
				INFOPLIST_FILE = WireStorm/Info.plist;
				LD_RUNPATH_SEARCH_PATHS = "$(inherited) @executable_path/Frameworks";
				PRODUCT_BUNDLE_IDENTIFIER = com.testproject.WireStorm;
				PRODUCT_NAME = "$(TARGET_NAME)";
				SWIFT_OBJC_BRIDGING_HEADER = "WireStorm/WireStorm-Bridging-Header.h";
			};
			name = Release;
		};
		1F5866851C4FFE3A00661731 /* Debug */ = {
			isa = XCBuildConfiguration;
			buildSettings = {
				BUNDLE_LOADER = "$(TEST_HOST)";
				INFOPLIST_FILE = WireStormTests/Info.plist;
				LD_RUNPATH_SEARCH_PATHS = "$(inherited) @executable_path/Frameworks @loader_path/Frameworks";
				PRODUCT_BUNDLE_IDENTIFIER = com.testproject.WireStormTests;
				PRODUCT_NAME = "$(TARGET_NAME)";
				TEST_HOST = "$(BUILT_PRODUCTS_DIR)/WireStorm.app/WireStorm";
			};
			name = Debug;
		};
		1F5866861C4FFE3A00661731 /* Release */ = {
			isa = XCBuildConfiguration;
			buildSettings = {
				BUNDLE_LOADER = "$(TEST_HOST)";
				INFOPLIST_FILE = WireStormTests/Info.plist;
				LD_RUNPATH_SEARCH_PATHS = "$(inherited) @executable_path/Frameworks @loader_path/Frameworks";
				PRODUCT_BUNDLE_IDENTIFIER = com.testproject.WireStormTests;
				PRODUCT_NAME = "$(TARGET_NAME)";
				TEST_HOST = "$(BUILT_PRODUCTS_DIR)/WireStorm.app/WireStorm";
			};
			name = Release;
		};
		1F5866881C4FFE3A00661731 /* Debug */ = {
			isa = XCBuildConfiguration;
			buildSettings = {
				INFOPLIST_FILE = WireStormUITests/Info.plist;
				LD_RUNPATH_SEARCH_PATHS = "$(inherited) @executable_path/Frameworks @loader_path/Frameworks";
				PRODUCT_BUNDLE_IDENTIFIER = com.testproject.WireStormUITests;
				PRODUCT_NAME = "$(TARGET_NAME)";
				TEST_TARGET_NAME = WireStorm;
				USES_XCTRUNNER = YES;
			};
			name = Debug;
		};
		1F5866891C4FFE3A00661731 /* Release */ = {
			isa = XCBuildConfiguration;
			buildSettings = {
				INFOPLIST_FILE = WireStormUITests/Info.plist;
				LD_RUNPATH_SEARCH_PATHS = "$(inherited) @executable_path/Frameworks @loader_path/Frameworks";
				PRODUCT_BUNDLE_IDENTIFIER = com.testproject.WireStormUITests;
				PRODUCT_NAME = "$(TARGET_NAME)";
				TEST_TARGET_NAME = WireStorm;
				USES_XCTRUNNER = YES;
			};
			name = Release;
		};
/* End XCBuildConfiguration section */

/* Begin XCConfigurationList section */
		1F5866541C4FFE3A00661731 /* Build configuration list for PBXProject "WireStorm" */ = {
			isa = XCConfigurationList;
			buildConfigurations = (
				1F58667F1C4FFE3A00661731 /* Debug */,
				1F5866801C4FFE3A00661731 /* Release */,
			);
			defaultConfigurationIsVisible = 0;
			defaultConfigurationName = Release;
		};
		1F5866811C4FFE3A00661731 /* Build configuration list for PBXNativeTarget "WireStorm" */ = {
			isa = XCConfigurationList;
			buildConfigurations = (
				1F5866821C4FFE3A00661731 /* Debug */,
				1F5866831C4FFE3A00661731 /* Release */,
			);
			defaultConfigurationIsVisible = 0;
			defaultConfigurationName = Release;
		};
		1F5866841C4FFE3A00661731 /* Build configuration list for PBXNativeTarget "WireStormTests" */ = {
			isa = XCConfigurationList;
			buildConfigurations = (
				1F5866851C4FFE3A00661731 /* Debug */,
				1F5866861C4FFE3A00661731 /* Release */,
			);
			defaultConfigurationIsVisible = 0;
			defaultConfigurationName = Release;
		};
		1F5866871C4FFE3A00661731 /* Build configuration list for PBXNativeTarget "WireStormUITests" */ = {
			isa = XCConfigurationList;
			buildConfigurations = (
				1F5866881C4FFE3A00661731 /* Debug */,
				1F5866891C4FFE3A00661731 /* Release */,
			);
			defaultConfigurationIsVisible = 0;
			defaultConfigurationName = Release;
		};
/* End XCConfigurationList section */
	};
	rootObject = 1F5866511C4FFE3A00661731 /* Project object */;
}
